// !$*UTF8*$!
{
	archiveVersion = 1;
	classes = {
	};
	objectVersion = 50;
	objects = {

/* Begin PBXBuildFile section */
		47DC2E9726577B390024BA1D /* AfricaApp.swift in Sources */ = {isa = PBXBuildFile; fileRef = 47DC2E9626577B390024BA1D /* AfricaApp.swift */; };
		47DC2E9926577B390024BA1D /* ContentView.swift in Sources */ = {isa = PBXBuildFile; fileRef = 47DC2E9826577B390024BA1D /* ContentView.swift */; };
		47DC2E9B26577B3A0024BA1D /* Assets.xcassets in Resources */ = {isa = PBXBuildFile; fileRef = 47DC2E9A26577B3A0024BA1D /* Assets.xcassets */; };
		47DC2E9E26577B3A0024BA1D /* Preview Assets.xcassets in Resources */ = {isa = PBXBuildFile; fileRef = 47DC2E9D26577B3A0024BA1D /* Preview Assets.xcassets */; };
		47DC2EB126577E880024BA1D /* rhino.mp4 in Resources */ = {isa = PBXBuildFile; fileRef = 47DC2EA726577E870024BA1D /* rhino.mp4 */; };
		47DC2EB226577E880024BA1D /* gorilla.mp4 in Resources */ = {isa = PBXBuildFile; fileRef = 47DC2EA826577E870024BA1D /* gorilla.mp4 */; };
		47DC2EB326577E880024BA1D /* giraffe.mp4 in Resources */ = {isa = PBXBuildFile; fileRef = 47DC2EA926577E870024BA1D /* giraffe.mp4 */; };
		47DC2EB426577E880024BA1D /* lioness.mp4 in Resources */ = {isa = PBXBuildFile; fileRef = 47DC2EAA26577E870024BA1D /* lioness.mp4 */; };
		47DC2EB526577E880024BA1D /* ostrich.mp4 in Resources */ = {isa = PBXBuildFile; fileRef = 47DC2EAB26577E870024BA1D /* ostrich.mp4 */; };
		47DC2EB626577E880024BA1D /* lion.mp4 in Resources */ = {isa = PBXBuildFile; fileRef = 47DC2EAC26577E870024BA1D /* lion.mp4 */; };
		47DC2EB726577E880024BA1D /* zebra.mp4 in Resources */ = {isa = PBXBuildFile; fileRef = 47DC2EAD26577E870024BA1D /* zebra.mp4 */; };
		47DC2EB826577E880024BA1D /* cheetah.mp4 in Resources */ = {isa = PBXBuildFile; fileRef = 47DC2EAE26577E870024BA1D /* cheetah.mp4 */; };
		47DC2EB926577E880024BA1D /* hippo.mp4 in Resources */ = {isa = PBXBuildFile; fileRef = 47DC2EAF26577E870024BA1D /* hippo.mp4 */; };
		47DC2EBA26577E880024BA1D /* elephant.mp4 in Resources */ = {isa = PBXBuildFile; fileRef = 47DC2EB026577E880024BA1D /* elephant.mp4 */; };
		47DC2EC1265783C60024BA1D /* covers.json in Resources */ = {isa = PBXBuildFile; fileRef = 47DC2EBD265783C60024BA1D /* covers.json */; };
		47DC2EC2265783C60024BA1D /* videos.json in Resources */ = {isa = PBXBuildFile; fileRef = 47DC2EBE265783C60024BA1D /* videos.json */; };
		47DC2EC3265783C60024BA1D /* animals.json in Resources */ = {isa = PBXBuildFile; fileRef = 47DC2EBF265783C60024BA1D /* animals.json */; };
		47DC2EC4265783C60024BA1D /* locations.json in Resources */ = {isa = PBXBuildFile; fileRef = 47DC2EC0265783C60024BA1D /* locations.json */; };
		47DC2EC92657B39E0024BA1D /* VideoListView.swift in Sources */ = {isa = PBXBuildFile; fileRef = 47DC2EC82657B39E0024BA1D /* VideoListView.swift */; };
		47DC2ECC2657B3BE0024BA1D /* MapView.swift in Sources */ = {isa = PBXBuildFile; fileRef = 47DC2ECB2657B3BE0024BA1D /* MapView.swift */; };
		47DC2ECF2657B3CF0024BA1D /* GalerieView.swift in Sources */ = {isa = PBXBuildFile; fileRef = 47DC2ECE2657B3CF0024BA1D /* GalerieView.swift */; };
		47DC2ED22657B3E10024BA1D /* MainView.swift in Sources */ = {isa = PBXBuildFile; fileRef = 47DC2ED12657B3E10024BA1D /* MainView.swift */; };
		47DC2ED62657B7590024BA1D /* CoverImageView.swift in Sources */ = {isa = PBXBuildFile; fileRef = 47DC2ED52657B7590024BA1D /* CoverImageView.swift */; };
		47DC2EE02657BC920024BA1D /* CoverImageModel.swift in Sources */ = {isa = PBXBuildFile; fileRef = 47DC2EDF2657BC920024BA1D /* CoverImageModel.swift */; };
		47DC2EE42657BDD90024BA1D /* CodableBundleExtension.swift in Sources */ = {isa = PBXBuildFile; fileRef = 47DC2EE32657BDD90024BA1D /* CodableBundleExtension.swift */; };
		47DC2EE92657E4260024BA1D /* AnimalListItemView.swift in Sources */ = {isa = PBXBuildFile; fileRef = 47DC2EE82657E4260024BA1D /* AnimalListItemView.swift */; };
		47DC2EEC2657E8140024BA1D /* AnimalModel.swift in Sources */ = {isa = PBXBuildFile; fileRef = 47DC2EEB2657E8140024BA1D /* AnimalModel.swift */; };
/* End PBXBuildFile section */

/* Begin PBXFileReference section */
		47DC2E9326577B390024BA1D /* Africa.app */ = {isa = PBXFileReference; explicitFileType = wrapper.application; includeInIndex = 0; path = Africa.app; sourceTree = BUILT_PRODUCTS_DIR; };
		47DC2E9626577B390024BA1D /* AfricaApp.swift */ = {isa = PBXFileReference; lastKnownFileType = sourcecode.swift; path = AfricaApp.swift; sourceTree = "<group>"; };
		47DC2E9826577B390024BA1D /* ContentView.swift */ = {isa = PBXFileReference; lastKnownFileType = sourcecode.swift; path = ContentView.swift; sourceTree = "<group>"; };
		47DC2E9A26577B3A0024BA1D /* Assets.xcassets */ = {isa = PBXFileReference; lastKnownFileType = folder.assetcatalog; path = Assets.xcassets; sourceTree = "<group>"; };
		47DC2E9D26577B3A0024BA1D /* Preview Assets.xcassets */ = {isa = PBXFileReference; lastKnownFileType = folder.assetcatalog; path = "Preview Assets.xcassets"; sourceTree = "<group>"; };
		47DC2E9F26577B3A0024BA1D /* Info.plist */ = {isa = PBXFileReference; lastKnownFileType = text.plist.xml; path = Info.plist; sourceTree = "<group>"; };
		47DC2EA726577E870024BA1D /* rhino.mp4 */ = {isa = PBXFileReference; lastKnownFileType = file; path = rhino.mp4; sourceTree = "<group>"; };
		47DC2EA826577E870024BA1D /* gorilla.mp4 */ = {isa = PBXFileReference; lastKnownFileType = file; path = gorilla.mp4; sourceTree = "<group>"; };
		47DC2EA926577E870024BA1D /* giraffe.mp4 */ = {isa = PBXFileReference; lastKnownFileType = file; path = giraffe.mp4; sourceTree = "<group>"; };
		47DC2EAA26577E870024BA1D /* lioness.mp4 */ = {isa = PBXFileReference; lastKnownFileType = file; path = lioness.mp4; sourceTree = "<group>"; };
		47DC2EAB26577E870024BA1D /* ostrich.mp4 */ = {isa = PBXFileReference; lastKnownFileType = file; path = ostrich.mp4; sourceTree = "<group>"; };
		47DC2EAC26577E870024BA1D /* lion.mp4 */ = {isa = PBXFileReference; lastKnownFileType = file; path = lion.mp4; sourceTree = "<group>"; };
		47DC2EAD26577E870024BA1D /* zebra.mp4 */ = {isa = PBXFileReference; lastKnownFileType = file; path = zebra.mp4; sourceTree = "<group>"; };
		47DC2EAE26577E870024BA1D /* cheetah.mp4 */ = {isa = PBXFileReference; lastKnownFileType = file; path = cheetah.mp4; sourceTree = "<group>"; };
		47DC2EAF26577E870024BA1D /* hippo.mp4 */ = {isa = PBXFileReference; lastKnownFileType = file; path = hippo.mp4; sourceTree = "<group>"; };
		47DC2EB026577E880024BA1D /* elephant.mp4 */ = {isa = PBXFileReference; lastKnownFileType = file; path = elephant.mp4; sourceTree = "<group>"; };
		47DC2EBD265783C60024BA1D /* covers.json */ = {isa = PBXFileReference; fileEncoding = 4; lastKnownFileType = text.json; path = covers.json; sourceTree = "<group>"; };
		47DC2EBE265783C60024BA1D /* videos.json */ = {isa = PBXFileReference; fileEncoding = 4; lastKnownFileType = text.json; path = videos.json; sourceTree = "<group>"; };
		47DC2EBF265783C60024BA1D /* animals.json */ = {isa = PBXFileReference; fileEncoding = 4; lastKnownFileType = text.json; path = animals.json; sourceTree = "<group>"; };
		47DC2EC0265783C60024BA1D /* locations.json */ = {isa = PBXFileReference; fileEncoding = 4; lastKnownFileType = text.json; path = locations.json; sourceTree = "<group>"; };
		47DC2EC82657B39E0024BA1D /* VideoListView.swift */ = {isa = PBXFileReference; lastKnownFileType = sourcecode.swift; path = VideoListView.swift; sourceTree = "<group>"; };
		47DC2ECB2657B3BE0024BA1D /* MapView.swift */ = {isa = PBXFileReference; lastKnownFileType = sourcecode.swift; path = MapView.swift; sourceTree = "<group>"; };
		47DC2ECE2657B3CF0024BA1D /* GalerieView.swift */ = {isa = PBXFileReference; lastKnownFileType = sourcecode.swift; path = GalerieView.swift; sourceTree = "<group>"; };
		47DC2ED12657B3E10024BA1D /* MainView.swift */ = {isa = PBXFileReference; lastKnownFileType = sourcecode.swift; path = MainView.swift; sourceTree = "<group>"; };
		47DC2ED52657B7590024BA1D /* CoverImageView.swift */ = {isa = PBXFileReference; lastKnownFileType = sourcecode.swift; path = CoverImageView.swift; sourceTree = "<group>"; };
		47DC2EDF2657BC920024BA1D /* CoverImageModel.swift */ = {isa = PBXFileReference; lastKnownFileType = sourcecode.swift; path = CoverImageModel.swift; sourceTree = "<group>"; };
		47DC2EE32657BDD90024BA1D /* CodableBundleExtension.swift */ = {isa = PBXFileReference; lastKnownFileType = sourcecode.swift; path = CodableBundleExtension.swift; sourceTree = "<group>"; };
		47DC2EE82657E4260024BA1D /* AnimalListItemView.swift */ = {isa = PBXFileReference; lastKnownFileType = sourcecode.swift; path = AnimalListItemView.swift; sourceTree = "<group>"; };
		47DC2EEB2657E8140024BA1D /* AnimalModel.swift */ = {isa = PBXFileReference; lastKnownFileType = sourcecode.swift; path = AnimalModel.swift; sourceTree = "<group>"; };
/* End PBXFileReference section */

/* Begin PBXFrameworksBuildPhase section */
		47DC2E9026577B390024BA1D /* Frameworks */ = {
			isa = PBXFrameworksBuildPhase;
			buildActionMask = 2147483647;
			files = (
			);
			runOnlyForDeploymentPostprocessing = 0;
		};
/* End PBXFrameworksBuildPhase section */

/* Begin PBXGroup section */
		47DC2E8A26577B390024BA1D = {
			isa = PBXGroup;
			children = (
				47DC2E9526577B390024BA1D /* Africa */,
				47DC2E9426577B390024BA1D /* Products */,
			);
			sourceTree = "<group>";
		};
		47DC2E9426577B390024BA1D /* Products */ = {
			isa = PBXGroup;
			children = (
				47DC2E9326577B390024BA1D /* Africa.app */,
			);
			name = Products;
			sourceTree = "<group>";
		};
		47DC2E9526577B390024BA1D /* Africa */ = {
			isa = PBXGroup;
			children = (
				47DC2EE22657BDBE0024BA1D /* Extension */,
				47DC2ED92657BC610024BA1D /* Model */,
				47DC2ED42657B7460024BA1D /* View */,
				47DC2EBC265783A40024BA1D /* Data */,
				47DC2EA626577E470024BA1D /* Video */,
				47DC2EC62657B3580024BA1D /* App */,
				47DC2E9A26577B3A0024BA1D /* Assets.xcassets */,
				47DC2E9F26577B3A0024BA1D /* Info.plist */,
				47DC2E9C26577B3A0024BA1D /* Preview Content */,
			);
			path = Africa;
			sourceTree = "<group>";
		};
		47DC2E9C26577B3A0024BA1D /* Preview Content */ = {
			isa = PBXGroup;
			children = (
				47DC2E9D26577B3A0024BA1D /* Preview Assets.xcassets */,
			);
			path = "Preview Content";
			sourceTree = "<group>";
		};
		47DC2EA626577E470024BA1D /* Video */ = {
			isa = PBXGroup;
			children = (
				47DC2EAE26577E870024BA1D /* cheetah.mp4 */,
				47DC2EB026577E880024BA1D /* elephant.mp4 */,
				47DC2EA926577E870024BA1D /* giraffe.mp4 */,
				47DC2EA826577E870024BA1D /* gorilla.mp4 */,
				47DC2EAF26577E870024BA1D /* hippo.mp4 */,
				47DC2EAC26577E870024BA1D /* lion.mp4 */,
				47DC2EAA26577E870024BA1D /* lioness.mp4 */,
				47DC2EAB26577E870024BA1D /* ostrich.mp4 */,
				47DC2EA726577E870024BA1D /* rhino.mp4 */,
				47DC2EAD26577E870024BA1D /* zebra.mp4 */,
			);
			path = Video;
			sourceTree = "<group>";
		};
		47DC2EBC265783A40024BA1D /* Data */ = {
			isa = PBXGroup;
			children = (
				47DC2EBF265783C60024BA1D /* animals.json */,
				47DC2EBD265783C60024BA1D /* covers.json */,
				47DC2EC0265783C60024BA1D /* locations.json */,
				47DC2EBE265783C60024BA1D /* videos.json */,
			);
			path = Data;
			sourceTree = "<group>";
		};
		47DC2EC62657B3580024BA1D /* App */ = {
			isa = PBXGroup;
			children = (
				47DC2E9626577B390024BA1D /* AfricaApp.swift */,
				47DC2E9826577B390024BA1D /* ContentView.swift */,
				47DC2EC82657B39E0024BA1D /* VideoListView.swift */,
				47DC2ECB2657B3BE0024BA1D /* MapView.swift */,
				47DC2ECE2657B3CF0024BA1D /* GalerieView.swift */,
				47DC2ED12657B3E10024BA1D /* MainView.swift */,
			);
			path = App;
			sourceTree = "<group>";
		};
		47DC2ED42657B7460024BA1D /* View */ = {
			isa = PBXGroup;
			children = (
				47DC2ED52657B7590024BA1D /* CoverImageView.swift */,
				47DC2EE82657E4260024BA1D /* AnimalListItemView.swift */,
			);
			path = View;
			sourceTree = "<group>";
		};
		47DC2ED92657BC610024BA1D /* Model */ = {
			isa = PBXGroup;
			children = (
				47DC2EDF2657BC920024BA1D /* CoverImageModel.swift */,
				47DC2EEB2657E8140024BA1D /* AnimalModel.swift */,
			);
			path = Model;
			sourceTree = "<group>";
		};
		47DC2EE22657BDBE0024BA1D /* Extension */ = {
			isa = PBXGroup;
			children = (
				47DC2EE32657BDD90024BA1D /* CodableBundleExtension.swift */,
			);
			path = Extension;
			sourceTree = "<group>";
		};
/* End PBXGroup section */

/* Begin PBXNativeTarget section */
		47DC2E9226577B390024BA1D /* Africa */ = {
			isa = PBXNativeTarget;
			buildConfigurationList = 47DC2EA226577B3A0024BA1D /* Build configuration list for PBXNativeTarget "Africa" */;
			buildPhases = (
				47DC2E8F26577B390024BA1D /* Sources */,
				47DC2E9026577B390024BA1D /* Frameworks */,
				47DC2E9126577B390024BA1D /* Resources */,
			);
			buildRules = (
			);
			dependencies = (
			);
			name = Africa;
			productName = Africa;
			productReference = 47DC2E9326577B390024BA1D /* Africa.app */;
			productType = "com.apple.product-type.application";
		};
/* End PBXNativeTarget section */

/* Begin PBXProject section */
		47DC2E8B26577B390024BA1D /* Project object */ = {
			isa = PBXProject;
			attributes = {
				LastSwiftUpdateCheck = 1240;
				LastUpgradeCheck = 1240;
				TargetAttributes = {
					47DC2E9226577B390024BA1D = {
						CreatedOnToolsVersion = 12.4;
					};
				};
			};
			buildConfigurationList = 47DC2E8E26577B390024BA1D /* Build configuration list for PBXProject "Africa" */;
			compatibilityVersion = "Xcode 9.3";
			developmentRegion = en;
			hasScannedForEncodings = 0;
			knownRegions = (
				en,
				Base,
			);
			mainGroup = 47DC2E8A26577B390024BA1D;
			productRefGroup = 47DC2E9426577B390024BA1D /* Products */;
			projectDirPath = "";
			projectRoot = "";
			targets = (
				47DC2E9226577B390024BA1D /* Africa */,
			);
		};
/* End PBXProject section */

/* Begin PBXResourcesBuildPhase section */
		47DC2E9126577B390024BA1D /* Resources */ = {
			isa = PBXResourcesBuildPhase;
			buildActionMask = 2147483647;
			files = (
				47DC2EC3265783C60024BA1D /* animals.json in Resources */,
				47DC2EC1265783C60024BA1D /* covers.json in Resources */,
				47DC2EC4265783C60024BA1D /* locations.json in Resources */,
				47DC2EB226577E880024BA1D /* gorilla.mp4 in Resources */,
				47DC2EB926577E880024BA1D /* hippo.mp4 in Resources */,
				47DC2EC2265783C60024BA1D /* videos.json in Resources */,
				47DC2EB626577E880024BA1D /* lion.mp4 in Resources */,
				47DC2EB526577E880024BA1D /* ostrich.mp4 in Resources */,
				47DC2EB126577E880024BA1D /* rhino.mp4 in Resources */,
				47DC2E9E26577B3A0024BA1D /* Preview Assets.xcassets in Resources */,
				47DC2E9B26577B3A0024BA1D /* Assets.xcassets in Resources */,
				47DC2EB826577E880024BA1D /* cheetah.mp4 in Resources */,
				47DC2EBA26577E880024BA1D /* elephant.mp4 in Resources */,
				47DC2EB326577E880024BA1D /* giraffe.mp4 in Resources */,
				47DC2EB726577E880024BA1D /* zebra.mp4 in Resources */,
				47DC2EB426577E880024BA1D /* lioness.mp4 in Resources */,
			);
			runOnlyForDeploymentPostprocessing = 0;
		};
/* End PBXResourcesBuildPhase section */

/* Begin PBXSourcesBuildPhase section */
		47DC2E8F26577B390024BA1D /* Sources */ = {
			isa = PBXSourcesBuildPhase;
			buildActionMask = 2147483647;
			files = (
				47DC2ECF2657B3CF0024BA1D /* GalerieView.swift in Sources */,
				47DC2EE92657E4260024BA1D /* AnimalListItemView.swift in Sources */,
				47DC2ED22657B3E10024BA1D /* MainView.swift in Sources */,
				47DC2ED62657B7590024BA1D /* CoverImageView.swift in Sources */,
				47DC2EE02657BC920024BA1D /* CoverImageModel.swift in Sources */,
				47DC2EEC2657E8140024BA1D /* AnimalModel.swift in Sources */,
				47DC2E9926577B390024BA1D /* ContentView.swift in Sources */,
				47DC2EE42657BDD90024BA1D /* CodableBundleExtension.swift in Sources */,
				47DC2ECC2657B3BE0024BA1D /* MapView.swift in Sources */,
				47DC2E9726577B390024BA1D /* AfricaApp.swift in Sources */,
				47DC2EC92657B39E0024BA1D /* VideoListView.swift in Sources */,
			);
			runOnlyForDeploymentPostprocessing = 0;
		};
/* End PBXSourcesBuildPhase section */

/* Begin XCBuildConfiguration section */
		47DC2EA026577B3A0024BA1D /* Debug */ = {
			isa = XCBuildConfiguration;
			buildSettings = {
				ALWAYS_SEARCH_USER_PATHS = NO;
				CLANG_ANALYZER_NONNULL = YES;
				CLANG_ANALYZER_NUMBER_OBJECT_CONVERSION = YES_AGGRESSIVE;
				CLANG_CXX_LANGUAGE_STANDARD = "gnu++14";
				CLANG_CXX_LIBRARY = "libc++";
				CLANG_ENABLE_MODULES = YES;
				CLANG_ENABLE_OBJC_ARC = YES;
				CLANG_ENABLE_OBJC_WEAK = YES;
				CLANG_WARN_BLOCK_CAPTURE_AUTORELEASING = YES;
				CLANG_WARN_BOOL_CONVERSION = YES;
				CLANG_WARN_COMMA = YES;
				CLANG_WARN_CONSTANT_CONVERSION = YES;
				CLANG_WARN_DEPRECATED_OBJC_IMPLEMENTATIONS = YES;
				CLANG_WARN_DIRECT_OBJC_ISA_USAGE = YES_ERROR;
				CLANG_WARN_DOCUMENTATION_COMMENTS = YES;
				CLANG_WARN_EMPTY_BODY = YES;
				CLANG_WARN_ENUM_CONVERSION = YES;
				CLANG_WARN_INFINITE_RECURSION = YES;
				CLANG_WARN_INT_CONVERSION = YES;
				CLANG_WARN_NON_LITERAL_NULL_CONVERSION = YES;
				CLANG_WARN_OBJC_IMPLICIT_RETAIN_SELF = YES;
				CLANG_WARN_OBJC_LITERAL_CONVERSION = YES;
				CLANG_WARN_OBJC_ROOT_CLASS = YES_ERROR;
				CLANG_WARN_QUOTED_INCLUDE_IN_FRAMEWORK_HEADER = YES;
				CLANG_WARN_RANGE_LOOP_ANALYSIS = YES;
				CLANG_WARN_STRICT_PROTOTYPES = YES;
				CLANG_WARN_SUSPICIOUS_MOVE = YES;
				CLANG_WARN_UNGUARDED_AVAILABILITY = YES_AGGRESSIVE;
				CLANG_WARN_UNREACHABLE_CODE = YES;
				CLANG_WARN__DUPLICATE_METHOD_MATCH = YES;
				COPY_PHASE_STRIP = NO;
				DEBUG_INFORMATION_FORMAT = dwarf;
				ENABLE_STRICT_OBJC_MSGSEND = YES;
				ENABLE_TESTABILITY = YES;
				GCC_C_LANGUAGE_STANDARD = gnu11;
				GCC_DYNAMIC_NO_PIC = NO;
				GCC_NO_COMMON_BLOCKS = YES;
				GCC_OPTIMIZATION_LEVEL = 0;
				GCC_PREPROCESSOR_DEFINITIONS = (
					"DEBUG=1",
					"$(inherited)",
				);
				GCC_WARN_64_TO_32_BIT_CONVERSION = YES;
				GCC_WARN_ABOUT_RETURN_TYPE = YES_ERROR;
				GCC_WARN_UNDECLARED_SELECTOR = YES;
				GCC_WARN_UNINITIALIZED_AUTOS = YES_AGGRESSIVE;
				GCC_WARN_UNUSED_FUNCTION = YES;
				GCC_WARN_UNUSED_VARIABLE = YES;
				IPHONEOS_DEPLOYMENT_TARGET = 14.4;
				MTL_ENABLE_DEBUG_INFO = INCLUDE_SOURCE;
				MTL_FAST_MATH = YES;
				ONLY_ACTIVE_ARCH = YES;
				SDKROOT = iphoneos;
				SWIFT_ACTIVE_COMPILATION_CONDITIONS = DEBUG;
				SWIFT_OPTIMIZATION_LEVEL = "-Onone";
			};
			name = Debug;
		};
		47DC2EA126577B3A0024BA1D /* Release */ = {
			isa = XCBuildConfiguration;
			buildSettings = {
				ALWAYS_SEARCH_USER_PATHS = NO;
				CLANG_ANALYZER_NONNULL = YES;
				CLANG_ANALYZER_NUMBER_OBJECT_CONVERSION = YES_AGGRESSIVE;
				CLANG_CXX_LANGUAGE_STANDARD = "gnu++14";
				CLANG_CXX_LIBRARY = "libc++";
				CLANG_ENABLE_MODULES = YES;
				CLANG_ENABLE_OBJC_ARC = YES;
				CLANG_ENABLE_OBJC_WEAK = YES;
				CLANG_WARN_BLOCK_CAPTURE_AUTORELEASING = YES;
				CLANG_WARN_BOOL_CONVERSION = YES;
				CLANG_WARN_COMMA = YES;
				CLANG_WARN_CONSTANT_CONVERSION = YES;
				CLANG_WARN_DEPRECATED_OBJC_IMPLEMENTATIONS = YES;
				CLANG_WARN_DIRECT_OBJC_ISA_USAGE = YES_ERROR;
				CLANG_WARN_DOCUMENTATION_COMMENTS = YES;
				CLANG_WARN_EMPTY_BODY = YES;
				CLANG_WARN_ENUM_CONVERSION = YES;
				CLANG_WARN_INFINITE_RECURSION = YES;
				CLANG_WARN_INT_CONVERSION = YES;
				CLANG_WARN_NON_LITERAL_NULL_CONVERSION = YES;
				CLANG_WARN_OBJC_IMPLICIT_RETAIN_SELF = YES;
				CLANG_WARN_OBJC_LITERAL_CONVERSION = YES;
				CLANG_WARN_OBJC_ROOT_CLASS = YES_ERROR;
				CLANG_WARN_QUOTED_INCLUDE_IN_FRAMEWORK_HEADER = YES;
				CLANG_WARN_RANGE_LOOP_ANALYSIS = YES;
				CLANG_WARN_STRICT_PROTOTYPES = YES;
				CLANG_WARN_SUSPICIOUS_MOVE = YES;
				CLANG_WARN_UNGUARDED_AVAILABILITY = YES_AGGRESSIVE;
				CLANG_WARN_UNREACHABLE_CODE = YES;
				CLANG_WARN__DUPLICATE_METHOD_MATCH = YES;
				COPY_PHASE_STRIP = NO;
				DEBUG_INFORMATION_FORMAT = "dwarf-with-dsym";
				ENABLE_NS_ASSERTIONS = NO;
				ENABLE_STRICT_OBJC_MSGSEND = YES;
				GCC_C_LANGUAGE_STANDARD = gnu11;
				GCC_NO_COMMON_BLOCKS = YES;
				GCC_WARN_64_TO_32_BIT_CONVERSION = YES;
				GCC_WARN_ABOUT_RETURN_TYPE = YES_ERROR;
				GCC_WARN_UNDECLARED_SELECTOR = YES;
				GCC_WARN_UNINITIALIZED_AUTOS = YES_AGGRESSIVE;
				GCC_WARN_UNUSED_FUNCTION = YES;
				GCC_WARN_UNUSED_VARIABLE = YES;
				IPHONEOS_DEPLOYMENT_TARGET = 14.4;
				MTL_ENABLE_DEBUG_INFO = NO;
				MTL_FAST_MATH = YES;
				SDKROOT = iphoneos;
				SWIFT_COMPILATION_MODE = wholemodule;
				SWIFT_OPTIMIZATION_LEVEL = "-O";
				VALIDATE_PRODUCT = YES;
			};
			name = Release;
		};
		47DC2EA326577B3A0024BA1D /* Debug */ = {
			isa = XCBuildConfiguration;
			buildSettings = {
				ASSETCATALOG_COMPILER_APPICON_NAME = AppIcon;
				ASSETCATALOG_COMPILER_GLOBAL_ACCENT_COLOR_NAME = AccentColor;
				CODE_SIGN_STYLE = Automatic;
				DEVELOPMENT_ASSET_PATHS = "\"Africa/Preview Content\"";
				DEVELOPMENT_TEAM = 9832ZGLTVT;
				ENABLE_PREVIEWS = YES;
				INFOPLIST_FILE = Africa/Info.plist;
				IPHONEOS_DEPLOYMENT_TARGET = 14.0;
				LD_RUNPATH_SEARCH_PATHS = (
					"$(inherited)",
					"@executable_path/Frameworks",
				);
				PRODUCT_BUNDLE_IDENTIFIER = io.github.baptistemcn.Africa;
				PRODUCT_NAME = "$(TARGET_NAME)";
				SWIFT_VERSION = 5.0;
				TARGETED_DEVICE_FAMILY = "1,2";
			};
			name = Debug;
		};
		47DC2EA426577B3A0024BA1D /* Release */ = {
			isa = XCBuildConfiguration;
			buildSettings = {
				ASSETCATALOG_COMPILER_APPICON_NAME = AppIcon;
				ASSETCATALOG_COMPILER_GLOBAL_ACCENT_COLOR_NAME = AccentColor;
				CODE_SIGN_STYLE = Automatic;
				DEVELOPMENT_ASSET_PATHS = "\"Africa/Preview Content\"";
				DEVELOPMENT_TEAM = 9832ZGLTVT;
				ENABLE_PREVIEWS = YES;
				INFOPLIST_FILE = Africa/Info.plist;
				IPHONEOS_DEPLOYMENT_TARGET = 14.0;
				LD_RUNPATH_SEARCH_PATHS = (
					"$(inherited)",
					"@executable_path/Frameworks",
				);
				PRODUCT_BUNDLE_IDENTIFIER = io.github.baptistemcn.Africa;
				PRODUCT_NAME = "$(TARGET_NAME)";
				SWIFT_VERSION = 5.0;
				TARGETED_DEVICE_FAMILY = "1,2";
			};
			name = Release;
		};
/* End XCBuildConfiguration section */

/* Begin XCConfigurationList section */
		47DC2E8E26577B390024BA1D /* Build configuration list for PBXProject "Africa" */ = {
			isa = XCConfigurationList;
			buildConfigurations = (
				47DC2EA026577B3A0024BA1D /* Debug */,
				47DC2EA126577B3A0024BA1D /* Release */,
			);
			defaultConfigurationIsVisible = 0;
			defaultConfigurationName = Release;
		};
		47DC2EA226577B3A0024BA1D /* Build configuration list for PBXNativeTarget "Africa" */ = {
			isa = XCConfigurationList;
			buildConfigurations = (
				47DC2EA326577B3A0024BA1D /* Debug */,
				47DC2EA426577B3A0024BA1D /* Release */,
			);
			defaultConfigurationIsVisible = 0;
			defaultConfigurationName = Release;
		};
/* End XCConfigurationList section */
	};
	rootObject = 47DC2E8B26577B390024BA1D /* Project object */;
}
